
Microsoft Visual Studio Solution File, Format Version 12.00
# Visual Studio Version 17
VisualStudioVersion = 17.2.32526.322
MinimumVisualStudioVersion = 10.0.40219.1
Project("{FAE04EC0-301F-11D3-BF4B-00C04F79EFBC}") = "YVDesktop", "YVDesktop\YVDesktop.csproj", "{C168DB09-2EA5-49E9-8F76-C242078625AA}"
EndProject
Global
	GlobalSection(SolutionConfigurationPlatforms) = preSolution
		Debug|Any CPU = Debug|Any CPU
		Release|Any CPU = Release|Any CPU
	EndGlobalSection
	GlobalSection(ProjectConfigurationPlatforms) = postSolution
		{C168DB09-2EA5-49E9-8F76-C242078625AA}.Debug|Any CPU.ActiveCfg = Debug|Any CPU
		{C168DB09-2EA5-49E9-8F76-C242078625AA}.Debug|Any CPU.Build.0 = Debug|Any CPU
		{C168DB09-2EA5-49E9-8F76-C242078625AA}.Release|Any CPU.ActiveCfg = Release|Any CPU
		{C168DB09-2EA5-49E9-8F76-C242078625AA}.Release|Any CPU.Build.0 = Release|Any CPU
	EndGlobalSection
	GlobalSection(SolutionProperties) = preSolution
		HideSolutionNode = FALSE
	EndGlobalSection
	GlobalSection(ExtensibilityGlobals) = postSolution
		SolutionGuid = {F2CF213C-68E8-4FCE-B935-F81132E8B492}
	EndGlobalSection
EndGlobal
